
Microsoft Visual Studio Solution File, Format Version 12.00
# Visual Studio Version 17
VisualStudioVersion = 17.11.35222.181
MinimumVisualStudioVersion = 10.0.40219.1
Project("{F184B08F-C81C-45F6-A57F-5ABD9991F28F}") = "3934_APP01_POS", "3934_APP01_POS.vbproj", "{98BF7625-21FB-476E-BD10-4E32BC9170CF}"
EndProject
Global
	GlobalSection(SolutionConfigurationPlatforms) = preSolution
		Debug|Any CPU = Debug|Any CPU
		Release|Any CPU = Release|Any CPU
	EndGlobalSection
	GlobalSection(ProjectConfigurationPlatforms) = postSolution
		{98BF7625-21FB-476E-BD10-4E32BC9170CF}.Debug|Any CPU.ActiveCfg = Debug|Any CPU
		{98BF7625-21FB-476E-BD10-4E32BC9170CF}.Debug|Any CPU.Build.0 = Debug|Any CPU
		{98BF7625-21FB-476E-BD10-4E32BC9170CF}.Release|Any CPU.ActiveCfg = Release|Any CPU
		{98BF7625-21FB-476E-BD10-4E32BC9170CF}.Release|Any CPU.Build.0 = Release|Any CPU
	EndGlobalSection
	GlobalSection(SolutionProperties) = preSolution
		HideSolutionNode = FALSE
	EndGlobalSection
	GlobalSection(ExtensibilityGlobals) = postSolution
		SolutionGuid = {6AF92B0E-8C3A-4F4E-8978-3CE60113384A}
	EndGlobalSection
EndGlobal
